
Microsoft Visual Studio Solution File, Format Version 12.00
# Visual Studio Version 16
VisualStudioVersion = 16.0.30907.101
MinimumVisualStudioVersion = 10.0.40219.1
Project("{2150E333-8FDC-42A3-9474-1A3956D46DE8}") = "01. Distributed Services", "01. Distributed Services", "{0C955CA8-022F-4123-8DBD-E0A980D9F285}"
EndProject
Project("{9A19103F-16F7-4668-BE54-9A1E7A4F7556}") = "CSharp.Kafka.Consumer", "src\CSharp.Kafka.Consumer\CSharp.Kafka.Consumer.csproj", "{2F511F9E-6F48-494D-8EE2-A5BCBE346766}"
EndProject
Project("{9A19103F-16F7-4668-BE54-9A1E7A4F7556}") = "CSharp.Kafka.Api", "src\CSharp.Kafka.Api\CSharp.Kafka.Api.csproj", "{AC49E9EC-F2E0-4D4A-9168-50A4CD14B554}"
EndProject
Project("{2150E333-8FDC-42A3-9474-1A3956D46DE8}") = "02. Business", "02. Business", "{96B6260B-01E6-4FF8-9F28-E02D8D6422DC}"
EndProject
Project("{9A19103F-16F7-4668-BE54-9A1E7A4F7556}") = "CSharp.Kafka.Business", "src\CSharp.Kafka.Business\CSharp.Kafka.Business.csproj", "{18430B4E-5B2E-4E5E-A72B-C75E4C2CBD15}"
EndProject
Global
	GlobalSection(SolutionConfigurationPlatforms) = preSolution
		Debug|Any CPU = Debug|Any CPU
		Release|Any CPU = Release|Any CPU
	EndGlobalSection
	GlobalSection(ProjectConfigurationPlatforms) = postSolution
		{2F511F9E-6F48-494D-8EE2-A5BCBE346766}.Debug|Any CPU.ActiveCfg = Debug|Any CPU
		{2F511F9E-6F48-494D-8EE2-A5BCBE346766}.Debug|Any CPU.Build.0 = Debug|Any CPU
		{2F511F9E-6F48-494D-8EE2-A5BCBE346766}.Release|Any CPU.ActiveCfg = Release|Any CPU
		{2F511F9E-6F48-494D-8EE2-A5BCBE346766}.Release|Any CPU.Build.0 = Release|Any CPU
		{AC49E9EC-F2E0-4D4A-9168-50A4CD14B554}.Debug|Any CPU.ActiveCfg = Debug|Any CPU
		{AC49E9EC-F2E0-4D4A-9168-50A4CD14B554}.Debug|Any CPU.Build.0 = Debug|Any CPU
		{AC49E9EC-F2E0-4D4A-9168-50A4CD14B554}.Release|Any CPU.ActiveCfg = Release|Any CPU
		{AC49E9EC-F2E0-4D4A-9168-50A4CD14B554}.Release|Any CPU.Build.0 = Release|Any CPU
		{18430B4E-5B2E-4E5E-A72B-C75E4C2CBD15}.Debug|Any CPU.ActiveCfg = Debug|Any CPU
		{18430B4E-5B2E-4E5E-A72B-C75E4C2CBD15}.Debug|Any CPU.Build.0 = Debug|Any CPU
		{18430B4E-5B2E-4E5E-A72B-C75E4C2CBD15}.Release|Any CPU.ActiveCfg = Release|Any CPU
		{18430B4E-5B2E-4E5E-A72B-C75E4C2CBD15}.Release|Any CPU.Build.0 = Release|Any CPU
	EndGlobalSection
	GlobalSection(SolutionProperties) = preSolution
		HideSolutionNode = FALSE
	EndGlobalSection
	GlobalSection(NestedProjects) = preSolution
		{2F511F9E-6F48-494D-8EE2-A5BCBE346766} = {0C955CA8-022F-4123-8DBD-E0A980D9F285}
		{AC49E9EC-F2E0-4D4A-9168-50A4CD14B554} = {0C955CA8-022F-4123-8DBD-E0A980D9F285}
		{18430B4E-5B2E-4E5E-A72B-C75E4C2CBD15} = {96B6260B-01E6-4FF8-9F28-E02D8D6422DC}
	EndGlobalSection
	GlobalSection(ExtensibilityGlobals) = postSolution
		SolutionGuid = {A6A1D0AE-CF01-439E-B7E3-D0DB1F542F23}
	EndGlobalSection
EndGlobal
